github.com/things-go/go-socks5 v0.0.6 h1:YjylIYZiND41szH4NzsVbx8aVDsS/Y8ps3QYPwQvqnI=
github.com/things-go/go-socks5 v0.0.6/go.mod h1:RF6tRutwNWzISbPfiDEChH/o1aDfRv+cXDYn2a2qkK4=
github.com/zarkones/netescape v0.1.4 h1:VoZ04zDxln8AfeBvCFP8SVO+bE4esWlGgB6WSaf0MWU=
github.com/zarkones/netescape v0.1.4/go.mod h1:VNW/d1BhbnkTddjDUdZiVldCURLiJsFmsXjW4g9qwFk=
