github.com/zarkones/netescape v0.1.4 h1:VoZ04zDxln8AfeBvCFP8SVO+bE4esWlGgB6WSaf0MWU=
github.com/zarkones/netescape v0.1.4/go.mod h1:VNW/d1BhbnkTddjDUdZiVldCURLiJsFmsXjW4g9qwFk=
github.com/zarkones/xena-crypto v0.0.3 h1:XmjdxpiT555RaH+m1OU9CNK3ZPuDgI0Xttfp2GHLwFE=
github.com/zarkones/xena-crypto v0.0.3/go.mod h1:qVvUrKrnsHw9IpQ65K1EzCgOuGGP0xzT2V+WoQIErcw=
