github.com/zarkones/ControlPROFILE v0.1.5 h1:u5tJmO1tud/SW7uSAQmUTY0p5r4fkpG/lwZcE6JkBUc=
github.com/zarkones/ControlPROFILE v0.1.5/go.mod h1:3PLBM3lEGNMEOW/iIRfeVFtig769NZKRum9f//F9FCo=
github.com/zarkones/netescape v0.1.4 h1:VoZ04zDxln8AfeBvCFP8SVO+bE4esWlGgB6WSaf0MWU=
github.com/zarkones/netescape v0.1.4/go.mod h1:VNW/d1BhbnkTddjDUdZiVldCURLiJsFmsXjW4g9qwFk=
